{
  "name": "se2021-ezwh",
  "lockfileVersion": 2,
  "requires": true,
  "packages": {
    "": {
      "dependencies": {
        "jest-sonar-reporter": "^2.0.0"
      }
    },
    "node_modules/jest-sonar-reporter": {
      "version": "2.0.0",
      "resolved": "https://registry.npmjs.org/jest-sonar-reporter/-/jest-sonar-reporter-2.0.0.tgz",
      "integrity": "sha512-ZervDCgEX5gdUbdtWsjdipLN3bKJwpxbvhkYNXTAYvAckCihobSLr9OT/IuyNIRT1EZMDDwR6DroWtrq+IL64w==",
      "dependencies": {
        "xml": "^1.0.1"
      },
      "engines": {
        "node": ">=8.0.0"
      }
    },
    "node_modules/xml": {
      "version": "1.0.1",
      "resolved": "https://registry.npmjs.org/xml/-/xml-1.0.1.tgz",
      "integrity": "sha512-huCv9IH9Tcf95zuYCsQraZtWnJvBtLVE0QHMOs8bWyZAFZNDcYjsPq1nEx8jKA9y+Beo9v+7OBPRisQTjinQMw=="
    }
  },
  "dependencies": {
    "jest-sonar-reporter": {
      "version": "2.0.0",
      "resolved": "https://registry.npmjs.org/jest-sonar-reporter/-/jest-sonar-reporter-2.0.0.tgz",
      "integrity": "sha512-ZervDCgEX5gdUbdtWsjdipLN3bKJwpxbvhkYNXTAYvAckCihobSLr9OT/IuyNIRT1EZMDDwR6DroWtrq+IL64w==",
      "requires": {
        "xml": "^1.0.1"
      }
    },
    "xml": {
      "version": "1.0.1",
      "resolved": "https://registry.npmjs.org/xml/-/xml-1.0.1.tgz",
      "integrity": "sha512-huCv9IH9Tcf95zuYCsQraZtWnJvBtLVE0QHMOs8bWyZAFZNDcYjsPq1nEx8jKA9y+Beo9v+7OBPRisQTjinQMw=="
    }
  }
}
